<?xml version="1.0" encoding="UTF-8" standalone="yes" ?>
<CodeBlocks_project_file>
	<FileVersion major="1" minor="6" />
	<Project>
		<Option title="FlooOrg" />
		<Option pch_mode="2" />
		<Option compiler="gcc" />
		<Build>
			<Target title="Debug">
				<Option output="bin/Debug/FlooOrg" prefix_auto="1" extension_auto="1" />
				<Option object_output="obj/Debug/" />
				<Option type="1" />
				<Option compiler="gcc" />
				<Compiler>
					<Add option="-g" />
					<Add directory="include" />
				</Compiler>
			</Target>
			<Target title="Release">
				<Option output="bin/Release/FlooOrg" prefix_auto="1" extension_auto="1" />
				<Option object_output="obj/Release/" />
				<Option type="1" />
				<Option compiler="gcc" />
				<Compiler>
					<Add option="-O2" />
					<Add directory="include" />
				</Compiler>
				<Linker>
					<Add option="-s" />
				</Linker>
			</Target>
		</Build>
		<Compiler>
			<Add option="-Wall" />
			<Add option="-fexceptions" />
		</Compiler>
		<Unit filename="Floor.cpp" />
		<Unit filename="Floor.h" />
		<Unit filename="FloorCell.cpp">
			<Option target="&lt;{~None~}&gt;" />
		</Unit>
		<Unit filename="FloorCell.h" />
		<Unit filename="FloorCellType.h" />
		<Unit filename="FloorGrid.h" />
		<Unit filename="WallCell.cpp" />
		<Unit filename="WallCell.h" />
		<Unit filename="WorkspaceCell.cpp" />
		<Unit filename="WorkspaceCell.h" />
		<Unit filename="include/EmptyCell.h" />
		<Unit filename="main.cpp" />
		<Unit filename="src/EmptyCell.cpp" />
		<Extensions>
			<code_completion />
			<envvars />
			<debugger />
		</Extensions>
	</Project>
</CodeBlocks_project_file>
